
Microsoft Visual Studio Solution File, Format Version 12.00
# Visual Studio Version 17
VisualStudioVersion = 17.0.31903.59
MinimumVisualStudioVersion = 10.0.40219.1
Project("{2150E333-8FDC-42A3-9474-1A3956D46DE8}") = "src", "src", "{D0D20EA1-E102-4B5A-B32F-2310645CAD8D}"
EndProject
Project("{2150E333-8FDC-42A3-9474-1A3956D46DE8}") = "API", "API", "{36FDC8B1-ACC4-4EA9-B69A-1307EC6C9DC8}"
EndProject
Project("{FAE04EC0-301F-11D3-BF4B-00C04F79EFBC}") = "Education.API", "src\API\Education.API\Education.API.csproj", "{6FAA8631-EA4D-4329-8AAC-19231CC865A6}"
EndProject
Project("{2150E333-8FDC-42A3-9474-1A3956D46DE8}") = "Common", "Common", "{0619590A-80C3-43DC-8E25-CEC71D79DED7}"
EndProject
Project("{FAE04EC0-301F-11D3-BF4B-00C04F79EFBC}") = "Education.Common", "src\Common\Education.Common\Education.Common.csproj", "{7FB6DC06-1D48-4F3B-9567-B84C2A829A8C}"
EndProject
Project("{2150E333-8FDC-42A3-9474-1A3956D46DE8}") = "Modules", "Modules", "{255724F5-C95F-4C25-B4C8-FF25C0884860}"
EndProject
Project("{2150E333-8FDC-42A3-9474-1A3956D46DE8}") = "Courses", "Courses", "{0ED10A7E-4DD8-4632-B47E-B11CD71983AE}"
EndProject
Project("{FAE04EC0-301F-11D3-BF4B-00C04F79EFBC}") = "Education.Courses.Application", "src\Modules\Courses\Education.Courses.Application\Education.Courses.Application.csproj", "{A942BEE0-0798-4612-AD0D-FC3F701A807E}"
EndProject
Project("{FAE04EC0-301F-11D3-BF4B-00C04F79EFBC}") = "Education.Courses.Domain", "src\Modules\Courses\Education.Courses.Domain\Education.Courses.Domain.csproj", "{1D1A1339-3076-4842-A423-0DE02522AFF5}"
EndProject
Project("{FAE04EC0-301F-11D3-BF4B-00C04F79EFBC}") = "Education.Courses.Event", "src\Modules\Courses\Education.Courses.Event\Education.Courses.Event.csproj", "{CDCFBE17-D353-4798-9BA1-F0F68A18E3A2}"
EndProject
Project("{FAE04EC0-301F-11D3-BF4B-00C04F79EFBC}") = "Education.Courses.Infrastructure", "src\Modules\Courses\Education.Courses.Infrastructure\Education.Courses.Infrastructure.csproj", "{42B63748-A658-4FAC-8214-A21B4A82F366}"
EndProject
Project("{2150E333-8FDC-42A3-9474-1A3956D46DE8}") = "Lessons", "Lessons", "{97126C6A-D074-4D8A-A578-431189C89A62}"
EndProject
Project("{FAE04EC0-301F-11D3-BF4B-00C04F79EFBC}") = "Education.Lessons.Application", "src\Modules\Lessons\Education.Lessons.Application\Education.Lessons.Application.csproj", "{70D29C66-6D77-4E3C-B138-0EF37A94D676}"
EndProject
Project("{FAE04EC0-301F-11D3-BF4B-00C04F79EFBC}") = "Education.Lessons.Domain", "src\Modules\Lessons\Education.Lessons.Domain\Education.Lessons.Domain.csproj", "{EEE36FCF-BD5D-4395-8D7E-F2865FD0AD6B}"
EndProject
Project("{FAE04EC0-301F-11D3-BF4B-00C04F79EFBC}") = "Education.Lessons.Event", "src\Modules\Lessons\Education.Lessons.Event\Education.Lessons.Event.csproj", "{361D0097-C4C1-4F77-A724-B518CD20118C}"
EndProject
Project("{FAE04EC0-301F-11D3-BF4B-00C04F79EFBC}") = "Education.Lessons.Infrastructure", "src\Modules\Lessons\Education.Lessons.Infrastructure\Education.Lessons.Infrastructure.csproj", "{44825112-4263-4619-B956-693FD14FD3B2}"
EndProject
Project("{2150E333-8FDC-42A3-9474-1A3956D46DE8}") = "Users", "Users", "{8800DD16-7FB1-4A93-986C-E3A9AAD0C912}"
EndProject
Project("{FAE04EC0-301F-11D3-BF4B-00C04F79EFBC}") = "Education.Users.Application", "src\Modules\Users\Education.Users.Application\Education.Users.Application.csproj", "{878ABE3F-4EC7-4D83-9BEF-6CDECE7F1081}"
EndProject
Project("{FAE04EC0-301F-11D3-BF4B-00C04F79EFBC}") = "Education.Users.Domain", "src\Modules\Users\Education.Users.Domain\Education.Users.Domain.csproj", "{B315D6EF-A8ED-440B-9A0F-FB09D6247AA1}"
EndProject
Project("{FAE04EC0-301F-11D3-BF4B-00C04F79EFBC}") = "Education.Users.Event", "src\Modules\Users\Education.Users.Event\Education.Users.Event.csproj", "{D837513A-F981-4EAD-A9A9-3D0E2259E034}"
EndProject
Project("{FAE04EC0-301F-11D3-BF4B-00C04F79EFBC}") = "Education.Users.Infrastructre", "src\Modules\Users\Education.Users.Infrastructre\Education.Users.Infrastructre.csproj", "{4BBD1DF8-998E-448B-98C0-D0905F161EF7}"
EndProject
Global
	GlobalSection(SolutionConfigurationPlatforms) = preSolution
		Debug|Any CPU = Debug|Any CPU
		Release|Any CPU = Release|Any CPU
	EndGlobalSection
	GlobalSection(SolutionProperties) = preSolution
		HideSolutionNode = FALSE
	EndGlobalSection
	GlobalSection(ProjectConfigurationPlatforms) = postSolution
		{6FAA8631-EA4D-4329-8AAC-19231CC865A6}.Debug|Any CPU.ActiveCfg = Debug|Any CPU
		{6FAA8631-EA4D-4329-8AAC-19231CC865A6}.Debug|Any CPU.Build.0 = Debug|Any CPU
		{6FAA8631-EA4D-4329-8AAC-19231CC865A6}.Release|Any CPU.ActiveCfg = Release|Any CPU
		{6FAA8631-EA4D-4329-8AAC-19231CC865A6}.Release|Any CPU.Build.0 = Release|Any CPU
		{7FB6DC06-1D48-4F3B-9567-B84C2A829A8C}.Debug|Any CPU.ActiveCfg = Debug|Any CPU
		{7FB6DC06-1D48-4F3B-9567-B84C2A829A8C}.Debug|Any CPU.Build.0 = Debug|Any CPU
		{7FB6DC06-1D48-4F3B-9567-B84C2A829A8C}.Release|Any CPU.ActiveCfg = Release|Any CPU
		{7FB6DC06-1D48-4F3B-9567-B84C2A829A8C}.Release|Any CPU.Build.0 = Release|Any CPU
		{A942BEE0-0798-4612-AD0D-FC3F701A807E}.Debug|Any CPU.ActiveCfg = Debug|Any CPU
		{A942BEE0-0798-4612-AD0D-FC3F701A807E}.Debug|Any CPU.Build.0 = Debug|Any CPU
		{A942BEE0-0798-4612-AD0D-FC3F701A807E}.Release|Any CPU.ActiveCfg = Release|Any CPU
		{A942BEE0-0798-4612-AD0D-FC3F701A807E}.Release|Any CPU.Build.0 = Release|Any CPU
		{1D1A1339-3076-4842-A423-0DE02522AFF5}.Debug|Any CPU.ActiveCfg = Debug|Any CPU
		{1D1A1339-3076-4842-A423-0DE02522AFF5}.Debug|Any CPU.Build.0 = Debug|Any CPU
		{1D1A1339-3076-4842-A423-0DE02522AFF5}.Release|Any CPU.ActiveCfg = Release|Any CPU
		{1D1A1339-3076-4842-A423-0DE02522AFF5}.Release|Any CPU.Build.0 = Release|Any CPU
		{CDCFBE17-D353-4798-9BA1-F0F68A18E3A2}.Debug|Any CPU.ActiveCfg = Debug|Any CPU
		{CDCFBE17-D353-4798-9BA1-F0F68A18E3A2}.Debug|Any CPU.Build.0 = Debug|Any CPU
		{CDCFBE17-D353-4798-9BA1-F0F68A18E3A2}.Release|Any CPU.ActiveCfg = Release|Any CPU
		{CDCFBE17-D353-4798-9BA1-F0F68A18E3A2}.Release|Any CPU.Build.0 = Release|Any CPU
		{42B63748-A658-4FAC-8214-A21B4A82F366}.Debug|Any CPU.ActiveCfg = Debug|Any CPU
		{42B63748-A658-4FAC-8214-A21B4A82F366}.Debug|Any CPU.Build.0 = Debug|Any CPU
		{42B63748-A658-4FAC-8214-A21B4A82F366}.Release|Any CPU.ActiveCfg = Release|Any CPU
		{42B63748-A658-4FAC-8214-A21B4A82F366}.Release|Any CPU.Build.0 = Release|Any CPU
		{70D29C66-6D77-4E3C-B138-0EF37A94D676}.Debug|Any CPU.ActiveCfg = Debug|Any CPU
		{70D29C66-6D77-4E3C-B138-0EF37A94D676}.Debug|Any CPU.Build.0 = Debug|Any CPU
		{70D29C66-6D77-4E3C-B138-0EF37A94D676}.Release|Any CPU.ActiveCfg = Release|Any CPU
		{70D29C66-6D77-4E3C-B138-0EF37A94D676}.Release|Any CPU.Build.0 = Release|Any CPU
		{EEE36FCF-BD5D-4395-8D7E-F2865FD0AD6B}.Debug|Any CPU.ActiveCfg = Debug|Any CPU
		{EEE36FCF-BD5D-4395-8D7E-F2865FD0AD6B}.Debug|Any CPU.Build.0 = Debug|Any CPU
		{EEE36FCF-BD5D-4395-8D7E-F2865FD0AD6B}.Release|Any CPU.ActiveCfg = Release|Any CPU
		{EEE36FCF-BD5D-4395-8D7E-F2865FD0AD6B}.Release|Any CPU.Build.0 = Release|Any CPU
		{361D0097-C4C1-4F77-A724-B518CD20118C}.Debug|Any CPU.ActiveCfg = Debug|Any CPU
		{361D0097-C4C1-4F77-A724-B518CD20118C}.Debug|Any CPU.Build.0 = Debug|Any CPU
		{361D0097-C4C1-4F77-A724-B518CD20118C}.Release|Any CPU.ActiveCfg = Release|Any CPU
		{361D0097-C4C1-4F77-A724-B518CD20118C}.Release|Any CPU.Build.0 = Release|Any CPU
		{44825112-4263-4619-B956-693FD14FD3B2}.Debug|Any CPU.ActiveCfg = Debug|Any CPU
		{44825112-4263-4619-B956-693FD14FD3B2}.Debug|Any CPU.Build.0 = Debug|Any CPU
		{44825112-4263-4619-B956-693FD14FD3B2}.Release|Any CPU.ActiveCfg = Release|Any CPU
		{44825112-4263-4619-B956-693FD14FD3B2}.Release|Any CPU.Build.0 = Release|Any CPU
		{878ABE3F-4EC7-4D83-9BEF-6CDECE7F1081}.Debug|Any CPU.ActiveCfg = Debug|Any CPU
		{878ABE3F-4EC7-4D83-9BEF-6CDECE7F1081}.Debug|Any CPU.Build.0 = Debug|Any CPU
		{878ABE3F-4EC7-4D83-9BEF-6CDECE7F1081}.Release|Any CPU.ActiveCfg = Release|Any CPU
		{878ABE3F-4EC7-4D83-9BEF-6CDECE7F1081}.Release|Any CPU.Build.0 = Release|Any CPU
		{B315D6EF-A8ED-440B-9A0F-FB09D6247AA1}.Debug|Any CPU.ActiveCfg = Debug|Any CPU
		{B315D6EF-A8ED-440B-9A0F-FB09D6247AA1}.Debug|Any CPU.Build.0 = Debug|Any CPU
		{B315D6EF-A8ED-440B-9A0F-FB09D6247AA1}.Release|Any CPU.ActiveCfg = Release|Any CPU
		{B315D6EF-A8ED-440B-9A0F-FB09D6247AA1}.Release|Any CPU.Build.0 = Release|Any CPU
		{D837513A-F981-4EAD-A9A9-3D0E2259E034}.Debug|Any CPU.ActiveCfg = Debug|Any CPU
		{D837513A-F981-4EAD-A9A9-3D0E2259E034}.Debug|Any CPU.Build.0 = Debug|Any CPU
		{D837513A-F981-4EAD-A9A9-3D0E2259E034}.Release|Any CPU.ActiveCfg = Release|Any CPU
		{D837513A-F981-4EAD-A9A9-3D0E2259E034}.Release|Any CPU.Build.0 = Release|Any CPU
		{4BBD1DF8-998E-448B-98C0-D0905F161EF7}.Debug|Any CPU.ActiveCfg = Debug|Any CPU
		{4BBD1DF8-998E-448B-98C0-D0905F161EF7}.Debug|Any CPU.Build.0 = Debug|Any CPU
		{4BBD1DF8-998E-448B-98C0-D0905F161EF7}.Release|Any CPU.ActiveCfg = Release|Any CPU
		{4BBD1DF8-998E-448B-98C0-D0905F161EF7}.Release|Any CPU.Build.0 = Release|Any CPU
	EndGlobalSection
	GlobalSection(NestedProjects) = preSolution
		{36FDC8B1-ACC4-4EA9-B69A-1307EC6C9DC8} = {D0D20EA1-E102-4B5A-B32F-2310645CAD8D}
		{6FAA8631-EA4D-4329-8AAC-19231CC865A6} = {36FDC8B1-ACC4-4EA9-B69A-1307EC6C9DC8}
		{0619590A-80C3-43DC-8E25-CEC71D79DED7} = {D0D20EA1-E102-4B5A-B32F-2310645CAD8D}
		{7FB6DC06-1D48-4F3B-9567-B84C2A829A8C} = {0619590A-80C3-43DC-8E25-CEC71D79DED7}
		{255724F5-C95F-4C25-B4C8-FF25C0884860} = {D0D20EA1-E102-4B5A-B32F-2310645CAD8D}
		{0ED10A7E-4DD8-4632-B47E-B11CD71983AE} = {255724F5-C95F-4C25-B4C8-FF25C0884860}
		{A942BEE0-0798-4612-AD0D-FC3F701A807E} = {0ED10A7E-4DD8-4632-B47E-B11CD71983AE}
		{1D1A1339-3076-4842-A423-0DE02522AFF5} = {0ED10A7E-4DD8-4632-B47E-B11CD71983AE}
		{CDCFBE17-D353-4798-9BA1-F0F68A18E3A2} = {0ED10A7E-4DD8-4632-B47E-B11CD71983AE}
		{42B63748-A658-4FAC-8214-A21B4A82F366} = {0ED10A7E-4DD8-4632-B47E-B11CD71983AE}
		{97126C6A-D074-4D8A-A578-431189C89A62} = {255724F5-C95F-4C25-B4C8-FF25C0884860}
		{70D29C66-6D77-4E3C-B138-0EF37A94D676} = {97126C6A-D074-4D8A-A578-431189C89A62}
		{EEE36FCF-BD5D-4395-8D7E-F2865FD0AD6B} = {97126C6A-D074-4D8A-A578-431189C89A62}
		{361D0097-C4C1-4F77-A724-B518CD20118C} = {97126C6A-D074-4D8A-A578-431189C89A62}
		{44825112-4263-4619-B956-693FD14FD3B2} = {97126C6A-D074-4D8A-A578-431189C89A62}
		{8800DD16-7FB1-4A93-986C-E3A9AAD0C912} = {255724F5-C95F-4C25-B4C8-FF25C0884860}
		{878ABE3F-4EC7-4D83-9BEF-6CDECE7F1081} = {8800DD16-7FB1-4A93-986C-E3A9AAD0C912}
		{B315D6EF-A8ED-440B-9A0F-FB09D6247AA1} = {8800DD16-7FB1-4A93-986C-E3A9AAD0C912}
		{D837513A-F981-4EAD-A9A9-3D0E2259E034} = {8800DD16-7FB1-4A93-986C-E3A9AAD0C912}
		{4BBD1DF8-998E-448B-98C0-D0905F161EF7} = {8800DD16-7FB1-4A93-986C-E3A9AAD0C912}
	EndGlobalSection
EndGlobal
